
Microsoft Visual Studio Solution File, Format Version 12.00
# Visual Studio Version 17
VisualStudioVersion = 17.6.33829.357
MinimumVisualStudioVersion = 10.0.40219.1
Project("{FAE04EC0-301F-11D3-BF4B-00C04F79EFBC}") = "HelloCSharp", "HelloCSharp\HelloCSharp.csproj", "{C543628B-BF7F-41B9-9A66-83C33FBB74F3}"
EndProject
Global
	GlobalSection(SolutionConfigurationPlatforms) = preSolution
		Debug|Any CPU = Debug|Any CPU
		Release|Any CPU = Release|Any CPU
	EndGlobalSection
	GlobalSection(ProjectConfigurationPlatforms) = postSolution
		{C543628B-BF7F-41B9-9A66-83C33FBB74F3}.Debug|Any CPU.ActiveCfg = Debug|Any CPU
		{C543628B-BF7F-41B9-9A66-83C33FBB74F3}.Debug|Any CPU.Build.0 = Debug|Any CPU
		{C543628B-BF7F-41B9-9A66-83C33FBB74F3}.Release|Any CPU.ActiveCfg = Release|Any CPU
		{C543628B-BF7F-41B9-9A66-83C33FBB74F3}.Release|Any CPU.Build.0 = Release|Any CPU
	EndGlobalSection
	GlobalSection(SolutionProperties) = preSolution
		HideSolutionNode = FALSE
	EndGlobalSection
	GlobalSection(ExtensibilityGlobals) = postSolution
		SolutionGuid = {56D44973-615C-4AD3-81BC-7981EF4D2CE8}
	EndGlobalSection
EndGlobal
